<?xml version="1.0" encoding="UTF-8"?>
<!DOCTYPE plist PUBLIC "-//Apple//DTD PLIST 1.0//EN" "http://www.apple.com/DTDs/PropertyList-1.0.dtd">
<plist version="1.0">
<dict>
	<key>archiveVersion</key>
	<string>1</string>
	<key>classes</key>
	<dict/>
	<key>objectVersion</key>
	<string>46</string>
	<key>objects</key>
	<dict>
		<key>26A8E01AF25D426FB08957A7</key>
		<dict>
			<key>includeInIndex</key>
			<string>1</string>
			<key>isa</key>
			<string>PBXFileReference</string>
			<key>lastKnownFileType</key>
			<string>text.xcconfig</string>
			<key>name</key>
			<string>Pods.xcconfig</string>
			<key>path</key>
			<string>Pods/Pods.xcconfig</string>
			<key>sourceTree</key>
			<string>&lt;group&gt;</string>
		</dict>
		<key>3A5866F58B7D4135811DA93B</key>
		<dict>
			<key>buildActionMask</key>
			<string>2147483647</string>
			<key>files</key>
			<array/>
			<key>inputPaths</key>
			<array/>
			<key>isa</key>
			<string>PBXShellScriptBuildPhase</string>
			<key>name</key>
			<string>Check Pods Manifest.lock</string>
			<key>outputPaths</key>
			<array/>
			<key>runOnlyForDeploymentPostprocessing</key>
			<string>0</string>
			<key>shellPath</key>
			<string>/bin/sh</string>
			<key>shellScript</key>
			<string>diff "${PODS_ROOT}/../Podfile.lock" "${PODS_ROOT}/Manifest.lock" &gt; /dev/null
if [[ $? != 0 ]] ; then
    cat &lt;&lt; EOM
error: The sandbox is not in sync with the Podfile.lock. Run 'pod install' or update your CocoaPods installation.
EOM
    exit 1
fi
</string>
			<key>showEnvVarsInLog</key>
			<string>0</string>
		</dict>
		<key>9F3CA299501E4CF4A7A49F0E</key>
		<dict>
			<key>explicitFileType</key>
			<string>archive.ar</string>
			<key>includeInIndex</key>
			<string>0</string>
			<key>isa</key>
			<string>PBXFileReference</string>
			<key>path</key>
			<string>libPods.a</string>
			<key>sourceTree</key>
			<string>BUILT_PRODUCTS_DIR</string>
		</dict>
		<key>A3229652963647879644A872</key>
		<dict>
			<key>fileRef</key>
			<string>9F3CA299501E4CF4A7A49F0E</string>
			<key>isa</key>
			<string>PBXBuildFile</string>
		</dict>
		<key>A369883EE8224D6F852E916D</key>
		<dict>
			<key>buildActionMask</key>
			<string>2147483647</string>
			<key>files</key>
			<array/>
			<key>inputPaths</key>
			<array/>
			<key>isa</key>
			<string>PBXShellScriptBuildPhase</string>
			<key>name</key>
			<string>Copy Pods Resources</string>
			<key>outputPaths</key>
			<array/>
			<key>runOnlyForDeploymentPostprocessing</key>
			<string>0</string>
			<key>shellPath</key>
			<string>/bin/sh</string>
			<key>shellScript</key>
			<string>"${SRCROOT}/Pods/Pods-resources.sh"
</string>
			<key>showEnvVarsInLog</key>
			<string>0</string>
		</dict>
		<key>D88B06E41989DE69000F2204</key>
		<dict>
			<key>children</key>
			<array>
				<string>D88B06F81989DE69000F2204</string>
				<string>D88B06EF1989DE69000F2204</string>
				<string>D88B06EE1989DE69000F2204</string>
				<string>26A8E01AF25D426FB08957A7</string>
			</array>
			<key>isa</key>
			<string>PBXGroup</string>
			<key>sourceTree</key>
			<string>&lt;group&gt;</string>
		</dict>
		<key>D88B06E51989DE69000F2204</key>
		<dict>
			<key>attributes</key>
			<dict>
				<key>LastUpgradeCheck</key>
				<string>0510</string>
				<key>ORGANIZATIONNAME</key>
				<string>SpareTime</string>
				<key>TargetAttributes</key>
				<dict>
					<key>D88B07171989DE69000F2204</key>
					<dict>
						<key>TestTargetID</key>
						<string>D88B06EC1989DE69000F2204</string>
					</dict>
				</dict>
			</dict>
			<key>buildConfigurationList</key>
			<string>D88B06E81989DE69000F2204</string>
			<key>compatibilityVersion</key>
			<string>Xcode 3.2</string>
			<key>developmentRegion</key>
			<string>English</string>
			<key>hasScannedForEncodings</key>
			<string>0</string>
			<key>isa</key>
			<string>PBXProject</string>
			<key>knownRegions</key>
			<array>
				<string>en</string>
				<string>Base</string>
			</array>
			<key>mainGroup</key>
			<string>D88B06E41989DE69000F2204</string>
			<key>productRefGroup</key>
			<string>D88B06EE1989DE69000F2204</string>
			<key>projectDirPath</key>
			<string></string>
			<key>projectReferences</key>
			<array/>
			<key>projectRoot</key>
			<string></string>
			<key>targets</key>
			<array>
				<string>D88B06EC1989DE69000F2204</string>
				<string>D88B07171989DE69000F2204</string>
			</array>
		</dict>
		<key>D88B06E81989DE69000F2204</key>
		<dict>
			<key>buildConfigurations</key>
			<array>
				<string>D88B07271989DE69000F2204</string>
				<string>D88B07281989DE69000F2204</string>
			</array>
			<key>defaultConfigurationIsVisible</key>
			<string>0</string>
			<key>defaultConfigurationName</key>
			<string>Release</string>
			<key>isa</key>
			<string>XCConfigurationList</string>
		</dict>
		<key>D88B06E91989DE69000F2204</key>
		<dict>
			<key>buildActionMask</key>
			<string>2147483647</string>
			<key>files</key>
			<array>
				<string>D88B070F1989DE69000F2204</string>
				<string>D88B070C1989DE69000F2204</string>
				<string>D88B07311989DF87000F2204</string>
				<string>D88B07341989DFA3000F2204</string>
				<string>D88B07031989DE69000F2204</string>
				<string>D88B06FF1989DE69000F2204</string>
			</array>
			<key>isa</key>
			<string>PBXSourcesBuildPhase</string>
			<key>runOnlyForDeploymentPostprocessing</key>
			<string>0</string>
		</dict>
		<key>D88B06EA1989DE69000F2204</key>
		<dict>
			<key>buildActionMask</key>
			<string>2147483647</string>
			<key>files</key>
			<array>
				<string>D88B06F31989DE69000F2204</string>
				<string>D88B06F51989DE69000F2204</string>
				<string>D88B06F71989DE69000F2204</string>
				<string>D88B06F11989DE69000F2204</string>
				<string>A3229652963647879644A872</string>
			</array>
			<key>isa</key>
			<string>PBXFrameworksBuildPhase</string>
			<key>runOnlyForDeploymentPostprocessing</key>
			<string>0</string>
		</dict>
		<key>D88B06EB1989DE69000F2204</key>
		<dict>
			<key>buildActionMask</key>
			<string>2147483647</string>
			<key>files</key>
			<array>
				<string>D88B07131989DE69000F2204</string>
				<string>D88B07091989DE69000F2204</string>
				<string>D88B07061989DE69000F2204</string>
				<string>D88B06FD1989DE69000F2204</string>
			</array>
			<key>isa</key>
			<string>PBXResourcesBuildPhase</string>
			<key>runOnlyForDeploymentPostprocessing</key>
			<string>0</string>
		</dict>
		<key>D88B06EC1989DE69000F2204</key>
		<dict>
			<key>buildConfigurationList</key>
			<string>D88B07291989DE69000F2204</string>
			<key>buildPhases</key>
			<array>
				<string>3A5866F58B7D4135811DA93B</string>
				<string>D88B06E91989DE69000F2204</string>
				<string>D88B06EA1989DE69000F2204</string>
				<string>D88B06EB1989DE69000F2204</string>
				<string>A369883EE8224D6F852E916D</string>
			</array>
			<key>buildRules</key>
			<array/>
			<key>dependencies</key>
			<array/>
			<key>isa</key>
			<string>PBXNativeTarget</string>
			<key>name</key>
			<string>CuttableCategory</string>
			<key>productName</key>
			<string>CuttableCategory</string>
			<key>productReference</key>
			<string>D88B06ED1989DE69000F2204</string>
			<key>productType</key>
			<string>com.apple.product-type.application</string>
		</dict>
		<key>D88B06ED1989DE69000F2204</key>
		<dict>
			<key>explicitFileType</key>
			<string>wrapper.application</string>
			<key>includeInIndex</key>
			<string>0</string>
			<key>isa</key>
			<string>PBXFileReference</string>
			<key>path</key>
			<string>CuttableCategory.app</string>
			<key>sourceTree</key>
			<string>BUILT_PRODUCTS_DIR</string>
		</dict>
		<key>D88B06EE1989DE69000F2204</key>
		<dict>
			<key>children</key>
			<array>
				<string>D88B06ED1989DE69000F2204</string>
				<string>D88B07181989DE69000F2204</string>
			</array>
			<key>isa</key>
			<string>PBXGroup</string>
			<key>name</key>
			<string>Products</string>
			<key>sourceTree</key>
			<string>&lt;group&gt;</string>
		</dict>
		<key>D88B06EF1989DE69000F2204</key>
		<dict>
			<key>children</key>
			<array>
				<string>D88B06F01989DE69000F2204</string>
				<string>D88B06F21989DE69000F2204</string>
				<string>D88B06F41989DE69000F2204</string>
				<string>D88B06F61989DE69000F2204</string>
				<string>9F3CA299501E4CF4A7A49F0E</string>
			</array>
			<key>isa</key>
			<string>PBXGroup</string>
			<key>name</key>
			<string>Frameworks</string>
			<key>sourceTree</key>
			<string>&lt;group&gt;</string>
		</dict>
		<key>D88B06F01989DE69000F2204</key>
		<dict>
			<key>isa</key>
			<string>PBXFileReference</string>
			<key>lastKnownFileType</key>
			<string>wrapper.framework</string>
			<key>name</key>
			<string>Foundation.framework</string>
			<key>path</key>
			<string>System/Library/Frameworks/Foundation.framework</string>
			<key>sourceTree</key>
			<string>SDKROOT</string>
		</dict>
		<key>D88B06F11989DE69000F2204</key>
		<dict>
			<key>fileRef</key>
			<string>D88B06F01989DE69000F2204</string>
			<key>isa</key>
			<string>PBXBuildFile</string>
		</dict>
		<key>D88B06F21989DE69000F2204</key>
		<dict>
			<key>isa</key>
			<string>PBXFileReference</string>
			<key>lastKnownFileType</key>
			<string>wrapper.framework</string>
			<key>name</key>
			<string>CoreGraphics.framework</string>
			<key>path</key>
			<string>System/Library/Frameworks/CoreGraphics.framework</string>
			<key>sourceTree</key>
			<string>SDKROOT</string>
		</dict>
		<key>D88B06F31989DE69000F2204</key>
		<dict>
			<key>fileRef</key>
			<string>D88B06F21989DE69000F2204</string>
			<key>isa</key>
			<string>PBXBuildFile</string>
		</dict>
		<key>D88B06F41989DE69000F2204</key>
		<dict>
			<key>isa</key>
			<string>PBXFileReference</string>
			<key>lastKnownFileType</key>
			<string>wrapper.framework</string>
			<key>name</key>
			<string>UIKit.framework</string>
			<key>path</key>
			<string>System/Library/Frameworks/UIKit.framework</string>
			<key>sourceTree</key>
			<string>SDKROOT</string>
		</dict>
		<key>D88B06F51989DE69000F2204</key>
		<dict>
			<key>fileRef</key>
			<string>D88B06F41989DE69000F2204</string>
			<key>isa</key>
			<string>PBXBuildFile</string>
		</dict>
		<key>D88B06F61989DE69000F2204</key>
		<dict>
			<key>isa</key>
			<string>PBXFileReference</string>
			<key>lastKnownFileType</key>
			<string>wrapper.framework</string>
			<key>name</key>
			<string>SpriteKit.framework</string>
			<key>path</key>
			<string>System/Library/Frameworks/SpriteKit.framework</string>
			<key>sourceTree</key>
			<string>SDKROOT</string>
		</dict>
		<key>D88B06F71989DE69000F2204</key>
		<dict>
			<key>fileRef</key>
			<string>D88B06F61989DE69000F2204</string>
			<key>isa</key>
			<string>PBXBuildFile</string>
		</dict>
		<key>D88B06F81989DE69000F2204</key>
		<dict>
			<key>children</key>
			<array>
				<string>D88B07321989DFA3000F2204</string>
				<string>D88B07331989DFA3000F2204</string>
				<string>D88B072F1989DF87000F2204</string>
				<string>D88B07301989DF87000F2204</string>
				<string>D88B07011989DE69000F2204</string>
				<string>D88B07021989DE69000F2204</string>
				<string>D88B07041989DE69000F2204</string>
				<string>D88B07071989DE69000F2204</string>
				<string>D88B070A1989DE69000F2204</string>
				<string>D88B070B1989DE69000F2204</string>
				<string>D88B070D1989DE69000F2204</string>
				<string>D88B070E1989DE69000F2204</string>
				<string>D88B07121989DE69000F2204</string>
				<string>D88B06F91989DE69000F2204</string>
			</array>
			<key>isa</key>
			<string>PBXGroup</string>
			<key>path</key>
			<string>CuttableCategory</string>
			<key>sourceTree</key>
			<string>&lt;group&gt;</string>
		</dict>
		<key>D88B06F91989DE69000F2204</key>
		<dict>
			<key>children</key>
			<array>
				<string>D88B06FA1989DE69000F2204</string>
				<string>D88B06FB1989DE69000F2204</string>
				<string>D88B06FE1989DE69000F2204</string>
				<string>D88B07001989DE69000F2204</string>
			</array>
			<key>isa</key>
			<string>PBXGroup</string>
			<key>name</key>
			<string>Supporting Files</string>
			<key>sourceTree</key>
			<string>&lt;group&gt;</string>
		</dict>
		<key>D88B06FA1989DE69000F2204</key>
		<dict>
			<key>isa</key>
			<string>PBXFileReference</string>
			<key>lastKnownFileType</key>
			<string>text.plist.xml</string>
			<key>path</key>
			<string>CuttableCategory-Info.plist</string>
			<key>sourceTree</key>
			<string>&lt;group&gt;</string>
		</dict>
		<key>D88B06FB1989DE69000F2204</key>
		<dict>
			<key>children</key>
			<array>
				<string>D88B06FC1989DE69000F2204</string>
			</array>
			<key>isa</key>
			<string>PBXVariantGroup</string>
			<key>name</key>
			<string>InfoPlist.strings</string>
			<key>sourceTree</key>
			<string>&lt;group&gt;</string>
		</dict>
		<key>D88B06FC1989DE69000F2204</key>
		<dict>
			<key>isa</key>
			<string>PBXFileReference</string>
			<key>lastKnownFileType</key>
			<string>text.plist.strings</string>
			<key>name</key>
			<string>en</string>
			<key>path</key>
			<string>en.lproj/InfoPlist.strings</string>
			<key>sourceTree</key>
			<string>&lt;group&gt;</string>
		</dict>
		<key>D88B06FD1989DE69000F2204</key>
		<dict>
			<key>fileRef</key>
			<string>D88B06FB1989DE69000F2204</string>
			<key>isa</key>
			<string>PBXBuildFile</string>
		</dict>
		<key>D88B06FE1989DE69000F2204</key>
		<dict>
			<key>isa</key>
			<string>PBXFileReference</string>
			<key>lastKnownFileType</key>
			<string>sourcecode.c.objc</string>
			<key>path</key>
			<string>main.m</string>
			<key>sourceTree</key>
			<string>&lt;group&gt;</string>
		</dict>
		<key>D88B06FF1989DE69000F2204</key>
		<dict>
			<key>fileRef</key>
			<string>D88B06FE1989DE69000F2204</string>
			<key>isa</key>
			<string>PBXBuildFile</string>
		</dict>
		<key>D88B07001989DE69000F2204</key>
		<dict>
			<key>isa</key>
			<string>PBXFileReference</string>
			<key>lastKnownFileType</key>
			<string>sourcecode.c.h</string>
			<key>path</key>
			<string>CuttableCategory-Prefix.pch</string>
			<key>sourceTree</key>
			<string>&lt;group&gt;</string>
		</dict>
		<key>D88B07011989DE69000F2204</key>
		<dict>
			<key>isa</key>
			<string>PBXFileReference</string>
			<key>lastKnownFileType</key>
			<string>sourcecode.c.h</string>
			<key>path</key>
			<string>AppDelegate.h</string>
			<key>sourceTree</key>
			<string>&lt;group&gt;</string>
		</dict>
		<key>D88B07021989DE69000F2204</key>
		<dict>
			<key>isa</key>
			<string>PBXFileReference</string>
			<key>lastKnownFileType</key>
			<string>sourcecode.c.objc</string>
			<key>path</key>
			<string>AppDelegate.m</string>
			<key>sourceTree</key>
			<string>&lt;group&gt;</string>
		</dict>
		<key>D88B07031989DE69000F2204</key>
		<dict>
			<key>fileRef</key>
			<string>D88B07021989DE69000F2204</string>
			<key>isa</key>
			<string>PBXBuildFile</string>
		</dict>
		<key>D88B07041989DE69000F2204</key>
		<dict>
			<key>children</key>
			<array>
				<string>D88B07051989DE69000F2204</string>
			</array>
			<key>isa</key>
			<string>PBXVariantGroup</string>
			<key>name</key>
			<string>Main_iPhone.storyboard</string>
			<key>sourceTree</key>
			<string>&lt;group&gt;</string>
		</dict>
		<key>D88B07051989DE69000F2204</key>
		<dict>
			<key>isa</key>
			<string>PBXFileReference</string>
			<key>lastKnownFileType</key>
			<string>file.storyboard</string>
			<key>name</key>
			<string>Base</string>
			<key>path</key>
			<string>Base.lproj/Main_iPhone.storyboard</string>
			<key>sourceTree</key>
			<string>&lt;group&gt;</string>
		</dict>
		<key>D88B07061989DE69000F2204</key>
		<dict>
			<key>fileRef</key>
			<string>D88B07041989DE69000F2204</string>
			<key>isa</key>
			<string>PBXBuildFile</string>
		</dict>
		<key>D88B07071989DE69000F2204</key>
		<dict>
			<key>children</key>
			<array>
				<string>D88B07081989DE69000F2204</string>
			</array>
			<key>isa</key>
			<string>PBXVariantGroup</string>
			<key>name</key>
			<string>Main_iPad.storyboard</string>
			<key>sourceTree</key>
			<string>&lt;group&gt;</string>
		</dict>
		<key>D88B07081989DE69000F2204</key>
		<dict>
			<key>isa</key>
			<string>PBXFileReference</string>
			<key>lastKnownFileType</key>
			<string>file.storyboard</string>
			<key>name</key>
			<string>Base</string>
			<key>path</key>
			<string>Base.lproj/Main_iPad.storyboard</string>
			<key>sourceTree</key>
			<string>&lt;group&gt;</string>
		</dict>
		<key>D88B07091989DE69000F2204</key>
		<dict>
			<key>fileRef</key>
			<string>D88B07071989DE69000F2204</string>
			<key>isa</key>
			<string>PBXBuildFile</string>
		</dict>
		<key>D88B070A1989DE69000F2204</key>
		<dict>
			<key>isa</key>
			<string>PBXFileReference</string>
			<key>lastKnownFileType</key>
			<string>sourcecode.c.h</string>
			<key>path</key>
			<string>ViewController.h</string>
			<key>sourceTree</key>
			<string>&lt;group&gt;</string>
		</dict>
		<key>D88B070B1989DE69000F2204</key>
		<dict>
			<key>isa</key>
			<string>PBXFileReference</string>
			<key>lastKnownFileType</key>
			<string>sourcecode.c.objc</string>
			<key>path</key>
			<string>ViewController.m</string>
			<key>sourceTree</key>
			<string>&lt;group&gt;</string>
		</dict>
		<key>D88B070C1989DE69000F2204</key>
		<dict>
			<key>fileRef</key>
			<string>D88B070B1989DE69000F2204</string>
			<key>isa</key>
			<string>PBXBuildFile</string>
		</dict>
		<key>D88B070D1989DE69000F2204</key>
		<dict>
			<key>isa</key>
			<string>PBXFileReference</string>
			<key>lastKnownFileType</key>
			<string>sourcecode.c.h</string>
			<key>path</key>
			<string>CuttableCategoryDemoScene.h</string>
			<key>sourceTree</key>
			<string>&lt;group&gt;</string>
		</dict>
		<key>D88B070E1989DE69000F2204</key>
		<dict>
			<key>isa</key>
			<string>PBXFileReference</string>
			<key>lastKnownFileType</key>
			<string>sourcecode.c.objc</string>
			<key>path</key>
			<string>CuttableCategoryDemoScene.m</string>
			<key>sourceTree</key>
			<string>&lt;group&gt;</string>
		</dict>
		<key>D88B070F1989DE69000F2204</key>
		<dict>
			<key>fileRef</key>
			<string>D88B070E1989DE69000F2204</string>
			<key>isa</key>
			<string>PBXBuildFile</string>
		</dict>
		<key>D88B07121989DE69000F2204</key>
		<dict>
			<key>isa</key>
			<string>PBXFileReference</string>
			<key>lastKnownFileType</key>
			<string>folder.assetcatalog</string>
			<key>path</key>
			<string>Images.xcassets</string>
			<key>sourceTree</key>
			<string>&lt;group&gt;</string>
		</dict>
		<key>D88B07131989DE69000F2204</key>
		<dict>
			<key>fileRef</key>
			<string>D88B07121989DE69000F2204</string>
			<key>isa</key>
			<string>PBXBuildFile</string>
		</dict>
		<key>D88B07141989DE69000F2204</key>
		<dict>
			<key>buildActionMask</key>
			<string>2147483647</string>
			<key>files</key>
			<array/>
			<key>isa</key>
			<string>PBXSourcesBuildPhase</string>
			<key>runOnlyForDeploymentPostprocessing</key>
			<string>0</string>
		</dict>
		<key>D88B07151989DE69000F2204</key>
		<dict>
			<key>buildActionMask</key>
			<string>2147483647</string>
			<key>files</key>
			<array>
				<string>D88B071C1989DE69000F2204</string>
				<string>D88B071B1989DE69000F2204</string>
			</array>
			<key>isa</key>
			<string>PBXFrameworksBuildPhase</string>
			<key>runOnlyForDeploymentPostprocessing</key>
			<string>0</string>
		</dict>
		<key>D88B07161989DE69000F2204</key>
		<dict>
			<key>buildActionMask</key>
			<string>2147483647</string>
			<key>files</key>
			<array/>
			<key>isa</key>
			<string>PBXResourcesBuildPhase</string>
			<key>runOnlyForDeploymentPostprocessing</key>
			<string>0</string>
		</dict>
		<key>D88B07171989DE69000F2204</key>
		<dict>
			<key>buildConfigurationList</key>
			<string>D88B072C1989DE69000F2204</string>
			<key>buildPhases</key>
			<array>
				<string>D88B07141989DE69000F2204</string>
				<string>D88B07151989DE69000F2204</string>
				<string>D88B07161989DE69000F2204</string>
			</array>
			<key>buildRules</key>
			<array/>
			<key>dependencies</key>
			<array>
				<string>D88B071E1989DE69000F2204</string>
			</array>
			<key>isa</key>
			<string>PBXNativeTarget</string>
			<key>name</key>
			<string>CuttableCategoryTests</string>
			<key>productName</key>
			<string>CuttableCategoryTests</string>
			<key>productReference</key>
			<string>D88B07181989DE69000F2204</string>
			<key>productType</key>
			<string>com.apple.product-type.bundle.unit-test</string>
		</dict>
		<key>D88B07181989DE69000F2204</key>
		<dict>
			<key>explicitFileType</key>
			<string>wrapper.cfbundle</string>
			<key>includeInIndex</key>
			<string>0</string>
			<key>isa</key>
			<string>PBXFileReference</string>
			<key>path</key>
			<string>CuttableCategoryTests.xctest</string>
			<key>sourceTree</key>
			<string>BUILT_PRODUCTS_DIR</string>
		</dict>
		<key>D88B071B1989DE69000F2204</key>
		<dict>
			<key>fileRef</key>
			<string>D88B06F01989DE69000F2204</string>
			<key>isa</key>
			<string>PBXBuildFile</string>
		</dict>
		<key>D88B071C1989DE69000F2204</key>
		<dict>
			<key>fileRef</key>
			<string>D88B06F41989DE69000F2204</string>
			<key>isa</key>
			<string>PBXBuildFile</string>
		</dict>
		<key>D88B071D1989DE69000F2204</key>
		<dict>
			<key>containerPortal</key>
			<string>D88B06E51989DE69000F2204</string>
			<key>isa</key>
			<string>PBXContainerItemProxy</string>
			<key>proxyType</key>
			<string>1</string>
			<key>remoteGlobalIDString</key>
			<string>D88B06EC1989DE69000F2204</string>
			<key>remoteInfo</key>
			<string>CuttableCategory</string>
		</dict>
		<key>D88B071E1989DE69000F2204</key>
		<dict>
			<key>isa</key>
			<string>PBXTargetDependency</string>
			<key>target</key>
			<string>D88B06EC1989DE69000F2204</string>
			<key>targetProxy</key>
			<string>D88B071D1989DE69000F2204</string>
		</dict>
		<key>D88B07271989DE69000F2204</key>
		<dict>
			<key>buildSettings</key>
			<dict>
				<key>ALWAYS_SEARCH_USER_PATHS</key>
				<string>NO</string>
				<key>CLANG_CXX_LANGUAGE_STANDARD</key>
				<string>gnu++0x</string>
				<key>CLANG_CXX_LIBRARY</key>
				<string>libc++</string>
				<key>CLANG_ENABLE_MODULES</key>
				<string>YES</string>
				<key>CLANG_ENABLE_OBJC_ARC</key>
				<string>YES</string>
				<key>CLANG_WARN_BOOL_CONVERSION</key>
				<string>YES</string>
				<key>CLANG_WARN_CONSTANT_CONVERSION</key>
				<string>YES</string>
				<key>CLANG_WARN_DIRECT_OBJC_ISA_USAGE</key>
				<string>YES_ERROR</string>
				<key>CLANG_WARN_EMPTY_BODY</key>
				<string>YES</string>
				<key>CLANG_WARN_ENUM_CONVERSION</key>
				<string>YES</string>
				<key>CLANG_WARN_INT_CONVERSION</key>
				<string>YES</string>
				<key>CLANG_WARN_OBJC_ROOT_CLASS</key>
				<string>YES_ERROR</string>
				<key>CLANG_WARN__DUPLICATE_METHOD_MATCH</key>
				<string>YES</string>
				<key>CODE_SIGN_IDENTITY[sdk=iphoneos*]</key>
				<string>iPhone Developer</string>
				<key>COPY_PHASE_STRIP</key>
				<string>NO</string>
				<key>GCC_C_LANGUAGE_STANDARD</key>
				<string>gnu99</string>
				<key>GCC_DYNAMIC_NO_PIC</key>
				<string>NO</string>
				<key>GCC_OPTIMIZATION_LEVEL</key>
				<string>0</string>
				<key>GCC_PREPROCESSOR_DEFINITIONS</key>
				<array>
					<string>DEBUG=1</string>
					<string>$(inherited)</string>
				</array>
				<key>GCC_SYMBOLS_PRIVATE_EXTERN</key>
				<string>NO</string>
				<key>GCC_WARN_64_TO_32_BIT_CONVERSION</key>
				<string>YES</string>
				<key>GCC_WARN_ABOUT_RETURN_TYPE</key>
				<string>YES_ERROR</string>
				<key>GCC_WARN_UNDECLARED_SELECTOR</key>
				<string>YES</string>
				<key>GCC_WARN_UNINITIALIZED_AUTOS</key>
				<string>YES_AGGRESSIVE</string>
				<key>GCC_WARN_UNUSED_FUNCTION</key>
				<string>YES</string>
				<key>GCC_WARN_UNUSED_VARIABLE</key>
				<string>YES</string>
				<key>IPHONEOS_DEPLOYMENT_TARGET</key>
				<string>7.1</string>
				<key>ONLY_ACTIVE_ARCH</key>
				<string>YES</string>
				<key>SDKROOT</key>
				<string>iphoneos</string>
				<key>TARGETED_DEVICE_FAMILY</key>
				<string>1,2</string>
			</dict>
			<key>isa</key>
			<string>XCBuildConfiguration</string>
			<key>name</key>
			<string>Debug</string>
		</dict>
		<key>D88B07281989DE69000F2204</key>
		<dict>
			<key>buildSettings</key>
			<dict>
				<key>ALWAYS_SEARCH_USER_PATHS</key>
				<string>NO</string>
				<key>CLANG_CXX_LANGUAGE_STANDARD</key>
				<string>gnu++0x</string>
				<key>CLANG_CXX_LIBRARY</key>
				<string>libc++</string>
				<key>CLANG_ENABLE_MODULES</key>
				<string>YES</string>
				<key>CLANG_ENABLE_OBJC_ARC</key>
				<string>YES</string>
				<key>CLANG_WARN_BOOL_CONVERSION</key>
				<string>YES</string>
				<key>CLANG_WARN_CONSTANT_CONVERSION</key>
				<string>YES</string>
				<key>CLANG_WARN_DIRECT_OBJC_ISA_USAGE</key>
				<string>YES_ERROR</string>
				<key>CLANG_WARN_EMPTY_BODY</key>
				<string>YES</string>
				<key>CLANG_WARN_ENUM_CONVERSION</key>
				<string>YES</string>
				<key>CLANG_WARN_INT_CONVERSION</key>
				<string>YES</string>
				<key>CLANG_WARN_OBJC_ROOT_CLASS</key>
				<string>YES_ERROR</string>
				<key>CLANG_WARN__DUPLICATE_METHOD_MATCH</key>
				<string>YES</string>
				<key>CODE_SIGN_IDENTITY[sdk=iphoneos*]</key>
				<string>iPhone Developer</string>
				<key>COPY_PHASE_STRIP</key>
				<string>YES</string>
				<key>ENABLE_NS_ASSERTIONS</key>
				<string>NO</string>
				<key>GCC_C_LANGUAGE_STANDARD</key>
				<string>gnu99</string>
				<key>GCC_WARN_64_TO_32_BIT_CONVERSION</key>
				<string>YES</string>
				<key>GCC_WARN_ABOUT_RETURN_TYPE</key>
				<string>YES_ERROR</string>
				<key>GCC_WARN_UNDECLARED_SELECTOR</key>
				<string>YES</string>
				<key>GCC_WARN_UNINITIALIZED_AUTOS</key>
				<string>YES_AGGRESSIVE</string>
				<key>GCC_WARN_UNUSED_FUNCTION</key>
				<string>YES</string>
				<key>GCC_WARN_UNUSED_VARIABLE</key>
				<string>YES</string>
				<key>IPHONEOS_DEPLOYMENT_TARGET</key>
				<string>7.1</string>
				<key>SDKROOT</key>
				<string>iphoneos</string>
				<key>TARGETED_DEVICE_FAMILY</key>
				<string>1,2</string>
				<key>VALIDATE_PRODUCT</key>
				<string>YES</string>
			</dict>
			<key>isa</key>
			<string>XCBuildConfiguration</string>
			<key>name</key>
			<string>Release</string>
		</dict>
		<key>D88B07291989DE69000F2204</key>
		<dict>
			<key>buildConfigurations</key>
			<array>
				<string>D88B072A1989DE69000F2204</string>
				<string>D88B072B1989DE69000F2204</string>
			</array>
			<key>defaultConfigurationIsVisible</key>
			<string>0</string>
			<key>isa</key>
			<string>XCConfigurationList</string>
		</dict>
		<key>D88B072A1989DE69000F2204</key>
		<dict>
			<key>baseConfigurationReference</key>
			<string>26A8E01AF25D426FB08957A7</string>
			<key>buildSettings</key>
			<dict>
				<key>ASSETCATALOG_COMPILER_APPICON_NAME</key>
				<string>AppIcon</string>
				<key>ASSETCATALOG_COMPILER_LAUNCHIMAGE_NAME</key>
				<string>LaunchImage</string>
				<key>GCC_PRECOMPILE_PREFIX_HEADER</key>
				<string>YES</string>
				<key>GCC_PREFIX_HEADER</key>
				<string>CuttableCategory/CuttableCategory-Prefix.pch</string>
				<key>INFOPLIST_FILE</key>
				<string>CuttableCategory/CuttableCategory-Info.plist</string>
				<key>PRODUCT_NAME</key>
				<string>$(TARGET_NAME)</string>
				<key>SPRITEKIT_TEXTURE_ATLAS_OUTPUT</key>
				<string>YES</string>
				<key>WRAPPER_EXTENSION</key>
				<string>app</string>
			</dict>
			<key>isa</key>
			<string>XCBuildConfiguration</string>
			<key>name</key>
			<string>Debug</string>
		</dict>
		<key>D88B072B1989DE69000F2204</key>
		<dict>
			<key>baseConfigurationReference</key>
			<string>26A8E01AF25D426FB08957A7</string>
			<key>buildSettings</key>
			<dict>
				<key>ASSETCATALOG_COMPILER_APPICON_NAME</key>
				<string>AppIcon</string>
				<key>ASSETCATALOG_COMPILER_LAUNCHIMAGE_NAME</key>
				<string>LaunchImage</string>
				<key>GCC_PRECOMPILE_PREFIX_HEADER</key>
				<string>YES</string>
				<key>GCC_PREFIX_HEADER</key>
				<string>CuttableCategory/CuttableCategory-Prefix.pch</string>
				<key>INFOPLIST_FILE</key>
				<string>CuttableCategory/CuttableCategory-Info.plist</string>
				<key>PRODUCT_NAME</key>
				<string>$(TARGET_NAME)</string>
				<key>SPRITEKIT_TEXTURE_ATLAS_OUTPUT</key>
				<string>YES</string>
				<key>WRAPPER_EXTENSION</key>
				<string>app</string>
			</dict>
			<key>isa</key>
			<string>XCBuildConfiguration</string>
			<key>name</key>
			<string>Release</string>
		</dict>
		<key>D88B072C1989DE69000F2204</key>
		<dict>
			<key>buildConfigurations</key>
			<array>
				<string>D88B072D1989DE69000F2204</string>
				<string>D88B072E1989DE69000F2204</string>
			</array>
			<key>defaultConfigurationIsVisible</key>
			<string>0</string>
			<key>isa</key>
			<string>XCConfigurationList</string>
		</dict>
		<key>D88B072D1989DE69000F2204</key>
		<dict>
			<key>buildSettings</key>
			<dict>
				<key>BUNDLE_LOADER</key>
				<string>$(BUILT_PRODUCTS_DIR)/CuttableCategory.app/CuttableCategory</string>
				<key>FRAMEWORK_SEARCH_PATHS</key>
				<array>
					<string>$(SDKROOT)/Developer/Library/Frameworks</string>
					<string>$(inherited)</string>
					<string>$(DEVELOPER_FRAMEWORKS_DIR)</string>
				</array>
				<key>GCC_PRECOMPILE_PREFIX_HEADER</key>
				<string>YES</string>
				<key>GCC_PREFIX_HEADER</key>
				<string>CuttableCategory/CuttableCategory-Prefix.pch</string>
				<key>GCC_PREPROCESSOR_DEFINITIONS</key>
				<array>
					<string>DEBUG=1</string>
					<string>$(inherited)</string>
				</array>
				<key>INFOPLIST_FILE</key>
				<string>CuttableCategoryTests/CuttableCategoryTests-Info.plist</string>
				<key>PRODUCT_NAME</key>
				<string>$(TARGET_NAME)</string>
				<key>TEST_HOST</key>
				<string>$(BUNDLE_LOADER)</string>
				<key>WRAPPER_EXTENSION</key>
				<string>xctest</string>
			</dict>
			<key>isa</key>
			<string>XCBuildConfiguration</string>
			<key>name</key>
			<string>Debug</string>
		</dict>
		<key>D88B072E1989DE69000F2204</key>
		<dict>
			<key>buildSettings</key>
			<dict>
				<key>BUNDLE_LOADER</key>
				<string>$(BUILT_PRODUCTS_DIR)/CuttableCategory.app/CuttableCategory</string>
				<key>FRAMEWORK_SEARCH_PATHS</key>
				<array>
					<string>$(SDKROOT)/Developer/Library/Frameworks</string>
					<string>$(inherited)</string>
					<string>$(DEVELOPER_FRAMEWORKS_DIR)</string>
				</array>
				<key>GCC_PRECOMPILE_PREFIX_HEADER</key>
				<string>YES</string>
				<key>GCC_PREFIX_HEADER</key>
				<string>CuttableCategory/CuttableCategory-Prefix.pch</string>
				<key>INFOPLIST_FILE</key>
				<string>CuttableCategoryTests/CuttableCategoryTests-Info.plist</string>
				<key>PRODUCT_NAME</key>
				<string>$(TARGET_NAME)</string>
				<key>TEST_HOST</key>
				<string>$(BUNDLE_LOADER)</string>
				<key>WRAPPER_EXTENSION</key>
				<string>xctest</string>
			</dict>
			<key>isa</key>
			<string>XCBuildConfiguration</string>
			<key>name</key>
			<string>Release</string>
		</dict>
		<key>D88B072F1989DF87000F2204</key>
		<dict>
			<key>fileEncoding</key>
			<string>4</string>
			<key>isa</key>
			<string>PBXFileReference</string>
			<key>lastKnownFileType</key>
			<string>sourcecode.c.h</string>
			<key>name</key>
			<string>SKShapeNode+Area.h</string>
			<key>path</key>
			<string>../SKShapeNode+Area.h</string>
			<key>sourceTree</key>
			<string>&lt;group&gt;</string>
		</dict>
		<key>D88B07301989DF87000F2204</key>
		<dict>
			<key>fileEncoding</key>
			<string>4</string>
			<key>isa</key>
			<string>PBXFileReference</string>
			<key>lastKnownFileType</key>
			<string>sourcecode.c.objc</string>
			<key>name</key>
			<string>SKShapeNode+Area.m</string>
			<key>path</key>
			<string>../SKShapeNode+Area.m</string>
			<key>sourceTree</key>
			<string>&lt;group&gt;</string>
		</dict>
		<key>D88B07311989DF87000F2204</key>
		<dict>
			<key>fileRef</key>
			<string>D88B07301989DF87000F2204</string>
			<key>isa</key>
			<string>PBXBuildFile</string>
		</dict>
		<key>D88B07321989DFA3000F2204</key>
		<dict>
			<key>fileEncoding</key>
			<string>4</string>
			<key>isa</key>
			<string>PBXFileReference</string>
			<key>lastKnownFileType</key>
			<string>sourcecode.c.h</string>
			<key>name</key>
			<string>SKShapeNode+Cuttable.h</string>
			<key>path</key>
			<string>../SKShapeNode+Cuttable.h</string>
			<key>sourceTree</key>
			<string>&lt;group&gt;</string>
		</dict>
		<key>D88B07331989DFA3000F2204</key>
		<dict>
			<key>fileEncoding</key>
			<string>4</string>
			<key>isa</key>
			<string>PBXFileReference</string>
			<key>lastKnownFileType</key>
			<string>sourcecode.c.objc</string>
			<key>name</key>
			<string>SKShapeNode+Cuttable.m</string>
			<key>path</key>
			<string>../SKShapeNode+Cuttable.m</string>
			<key>sourceTree</key>
			<string>&lt;group&gt;</string>
		</dict>
		<key>D88B07341989DFA3000F2204</key>
		<dict>
			<key>fileRef</key>
			<string>D88B07331989DFA3000F2204</string>
			<key>isa</key>
			<string>PBXBuildFile</string>
		</dict>
	</dict>
	<key>rootObject</key>
	<string>D88B06E51989DE69000F2204</string>
</dict>
</plist>
